dependencies:
- name: base
  repository: https://istio-release.storage.googleapis.com/charts
  version: 1.21.2
- name: istiod
  repository: https://istio-release.storage.googleapis.com/charts
  version: 1.21.2
- name: gateway
  repository: https://istio-release.storage.googleapis.com/charts
  version: 1.21.2
- name: gateway
  repository: https://istio-release.storage.googleapis.com/charts
  version: 1.21.2
digest: sha256:95b2c68cb8287390daf59c54de62f7bebe656b6d64ebc66444d3bed500054c0d
generated: "2024-05-21T22:30:46.474947-04:00"
